<?xml version="1.0" encoding="utf-8"?>
<Project ToolsVersion="4.0" xmlns="http://schemas.microsoft.com/developer/msbuild/2003">
  <ItemGroup>
    <Filter Include="Documentation">
      <UniqueIdentifier>{0edc4db2-e0c9-4708-b9e6-c6386f48a3c8}</UniqueIdentifier>
    </Filter>
    <Filter Include="Source">
      <UniqueIdentifier>{4FC737F1-C7A5-4376-A066-2A32D752A2FF}</UniqueIdentifier>
      <Extensions>cpp;c;cc;cxx;def;odl;idl;hpj;bat;asm;asmx</Extensions>
    </Filter>
    <Filter Include="Library Source">
      <UniqueIdentifier>{36f8ad5d-046b-4300-b64b-808d54b6abbb}</UniqueIdentifier>
    </Filter>
    <Filter Include="Source\Launch">
      <UniqueIdentifier>{7d5feed7-a5a0-4ed4-8634-530258144b1b}</UniqueIdentifier>
    </Filter>
    <Filter Include="Source\Engine">
      <UniqueIdentifier>{332db8fb-afa8-45e1-8675-9401c846e962}</UniqueIdentifier>
    </Filter>
    <Filter Include="Source\Game">
      <UniqueIdentifier>{f2b5029f-6de6-4c02-a096-2c18f2975f92}</UniqueIdentifier>
    </Filter>
    <Filter Include="Source\Engine\Module">
      <UniqueIdentifier>{b4c9348d-724b-4116-b8c4-942ff0f4cd39}</UniqueIdentifier>
    </Filter>
    <Filter Include="Source\Engine\Module\Graphics">
      <UniqueIdentifier>{045c9761-c54e-45cd-8eb7-a1182d0cb5ab}</UniqueIdentifier>
    </Filter>
    <Filter Include="Source\Engine\Module\Audio">
      <UniqueIdentifier>{bfeb5b81-1062-4626-8ecf-ce8580299fa5}</UniqueIdentifier>
    </Filter>
    <Filter Include="Source\Engine\Module\Physics">
      <UniqueIdentifier>{bf514787-f333-4213-8624-d5844b123ca6}</UniqueIdentifier>
    </Filter>
    <Filter Include="Source\Engine\Module\ECS">
      <UniqueIdentifier>{88abc1ae-cb25-44a9-a0cc-9475581c0ac8}</UniqueIdentifier>
    </Filter>
    <Filter Include="Source\Engine\Module\AI">
      <UniqueIdentifier>{6546026d-61cc-463d-93bd-34c5ab471eb3}</UniqueIdentifier>
    </Filter>
    <Filter Include="Source\Engine\Module\UI">
      <UniqueIdentifier>{0eb318e7-6dae-4e14-820f-ee8ed1a6fe11}</UniqueIdentifier>
    </Filter>
    <Filter Include="Source\Engine\System">
      <UniqueIdentifier>{0e7731cb-89a0-48aa-b664-983ee1229eb8}</UniqueIdentifier>
    </Filter>
    <Filter Include="Source\Engine\System\Network">
      <UniqueIdentifier>{8d0150b4-c63d-47fe-ab11-eb99fe97f37d}</UniqueIdentifier>
    </Filter>
    <Filter Include="Source\Engine\System\Event">
      <UniqueIdentifier>{1ba95f95-3b8f-41e8-83ff-f5b1102912d8}</UniqueIdentifier>
    </Filter>
    <Filter Include="Source\Engine\Module\Transform">
      <UniqueIdentifier>{058ed39f-ef7d-437f-914b-20a20227488e}</UniqueIdentifier>
    </Filter>
    <Filter Include="Source\Game\Mods">
      <UniqueIdentifier>{ca5549e7-9e53-452a-890a-12bd5a590536}</UniqueIdentifier>
    </Filter>
    <Filter Include="Source\Engine\Content">
      <UniqueIdentifier>{c37f60ba-70bd-4572-9fb4-ca6afcd0a7c7}</UniqueIdentifier>
    </Filter>
    <Filter Include="Source\Engine\System\File">
      <UniqueIdentifier>{3683be0c-4c54-4a76-a179-4e2709d803ae}</UniqueIdentifier>
    </Filter>
    <Filter Include="Source\Engine\System\Logging">
      <UniqueIdentifier>{4970efcb-ce8b-4b28-ad09-8e385b08b5af}</UniqueIdentifier>
    </Filter>
    <Filter Include="Source\Engine\System\Property">
      <UniqueIdentifier>{b3d2b3c3-cf24-46c4-9259-cb0ba5a35be8}</UniqueIdentifier>
    </Filter>
    <Filter Include="Source\Engine\System\Schedule">
      <UniqueIdentifier>{cbc70f0f-e2e3-4062-8ece-10ab5117d795}</UniqueIdentifier>
    </Filter>
    <Filter Include="Source\Engine\Resource">
      <UniqueIdentifier>{b3e0b6e3-426a-420b-af83-2d45d0a9123e}</UniqueIdentifier>
    </Filter>
    <Filter Include="Source\Engine\System\Tools">
      <UniqueIdentifier>{9a3b3386-2d2e-4943-9ed9-48dcf67fc5d8}</UniqueIdentifier>
    </Filter>
    <Filter Include="Source\Engine\Layer">
      <UniqueIdentifier>{b7315287-4a91-4f8d-84b7-f6cfac23db5f}</UniqueIdentifier>
    </Filter>
    <Filter Include="Source\Engine\System\Timer">
      <UniqueIdentifier>{20809fbf-e5cd-4053-98d3-30e83d02158c}</UniqueIdentifier>
    </Filter>
    <Filter Include="Source\Engine\System\Thread">
      <UniqueIdentifier>{9cd14347-cfea-47a7-bbbe-4375038baf59}</UniqueIdentifier>
    </Filter>
  </ItemGroup>
  <ItemGroup>
    <ClCompile Include="Source\Launch\Launcher.cpp">
      <Filter>Source\Launch</Filter>
    </ClCompile>
    <ClCompile Include="Source\Engine\Engine.cpp">
      <Filter>Source\Engine</Filter>
    </ClCompile>
    <ClCompile Include="Source\Engine\EngineLimits.cpp">
      <Filter>Source\Engine</Filter>
    </ClCompile>
    <ClCompile Include="Source\Engine\Layer\Layer.cpp">
      <Filter>Source\Engine\Layer</Filter>
    </ClCompile>
    <ClCompile Include="Source\Engine\Layer\ContentLayer.cpp">
      <Filter>Source\Engine\Layer</Filter>
    </ClCompile>
    <ClCompile Include="Source\Engine\Layer\ModuleLayer.cpp">
      <Filter>Source\Engine\Layer</Filter>
    </ClCompile>
    <ClCompile Include="Source\Engine\Layer\ResourceLayer.cpp">
      <Filter>Source\Engine\Layer</Filter>
    </ClCompile>
    <ClCompile Include="Source\Engine\Layer\SystemLayer.cpp">
      <Filter>Source\Engine\Layer</Filter>
    </ClCompile>
    <ClCompile Include="Source\Engine\System\Tools\DirectoryListing.cpp">
      <Filter>Source\Engine\System\Tools</Filter>
    </ClCompile>
  </ItemGroup>
  <ItemGroup>
    <ClInclude Include="Source\Engine\Engine.h">
      <Filter>Source\Engine</Filter>
    </ClInclude>
    <ClInclude Include="Source\Engine\EngineLimits.h">
      <Filter>Source\Engine</Filter>
    </ClInclude>
    <ClInclude Include="Source\Engine\EngineBuildConfig.h">
      <Filter>Source\Engine</Filter>
    </ClInclude>
    <ClInclude Include="Source\Engine\Layer\Layer.h">
      <Filter>Source\Engine\Layer</Filter>
    </ClInclude>
    <ClInclude Include="Source\Engine\Layer\LayerResponses.h">
      <Filter>Source\Engine\Layer</Filter>
    </ClInclude>
    <ClInclude Include="Source\Engine\Layer\ContentLayer.h">
      <Filter>Source\Engine\Layer</Filter>
    </ClInclude>
    <ClInclude Include="Source\Engine\Layer\ModuleLayer.h">
      <Filter>Source\Engine\Layer</Filter>
    </ClInclude>
    <ClInclude Include="Source\Engine\Layer\ResourceLayer.h">
      <Filter>Source\Engine\Layer</Filter>
    </ClInclude>
    <ClInclude Include="Source\Engine\Layer\SystemLayer.h">
      <Filter>Source\Engine\Layer</Filter>
    </ClInclude>
    <ClInclude Include="Source\Engine\System\Tools\Bounds.h">
      <Filter>Source\Engine\System\Tools</Filter>
    </ClInclude>
    <ClInclude Include="Source\Engine\System\Tools\Pair.h">
      <Filter>Source\Engine\System\Tools</Filter>
    </ClInclude>
    <ClInclude Include="Source\Engine\System\Tools\StandardResponses.h">
      <Filter>Source\Engine\System\Tools</Filter>
    </ClInclude>
    <ClInclude Include="Source\Engine\System\Tools\Version.h">
      <Filter>Source\Engine\System\Tools</Filter>
    </ClInclude>
    <ClInclude Include="Source\Engine\System\Tools\LanguageExtensions.h">
      <Filter>Source\Engine\System\Tools</Filter>
    </ClInclude>
    <ClInclude Include="Source\Engine\System\Tools\Array.h">
      <Filter>Source\Engine\System\Tools</Filter>
    </ClInclude>
    <ClInclude Include="Source\Engine\System\Tools\IndexedArray.h">
      <Filter>Source\Engine\System\Tools</Filter>
    </ClInclude>
    <ClInclude Include="Source\Engine\System\Tools\IndexedArrayEntry.h">
      <Filter>Source\Engine\System\Tools</Filter>
    </ClInclude>
    <ClInclude Include="Source\Engine\System\Tools\TrackedArray.h">
      <Filter>Source\Engine\System\Tools</Filter>
    </ClInclude>
    <ClInclude Include="Source\Engine\System\Tools\Id.h">
      <Filter>Source\Engine\System\Tools</Filter>
    </ClInclude>
    <ClInclude Include="Source\Engine\System\Tools\Queue.h">
      <Filter>Source\Engine\System\Tools</Filter>
    </ClInclude>
    <ClInclude Include="Source\Engine\System\Tools\QueueNode.h">
      <Filter>Source\Engine\System\Tools</Filter>
    </ClInclude>
    <ClInclude Include="Source\Engine\System\Tools\Stack.h">
      <Filter>Source\Engine\System\Tools</Filter>
    </ClInclude>
    <ClInclude Include="Source\Engine\System\Tools\StackNode.h">
      <Filter>Source\Engine\System\Tools</Filter>
    </ClInclude>
    <ClInclude Include="Source\Engine\System\Tools\Vector.h">
      <Filter>Source\Engine\System\Tools</Filter>
    </ClInclude>
    <ClInclude Include="Source\Engine\System\Tools\IndexedVector.h">
      <Filter>Source\Engine\System\Tools</Filter>
    </ClInclude>
    <ClInclude Include="Source\Engine\System\Tools\IndexedVectorEntry.h">
      <Filter>Source\Engine\System\Tools</Filter>
    </ClInclude>
    <ClInclude Include="Source\Engine\System\Tools\CyclicArray.h">
      <Filter>Source\Engine\System\Tools</Filter>
    </ClInclude>
    <ClInclude Include="Source\Engine\System\Tools\CyclicVector.h">
      <Filter>Source\Engine\System\Tools</Filter>
    </ClInclude>
    <ClInclude Include="Source\Engine\System\Tools\Set.h">
      <Filter>Source\Engine\System\Tools</Filter>
    </ClInclude>
    <ClInclude Include="Source\Engine\System\Tools\RBTree.h">
      <Filter>Source\Engine\System\Tools</Filter>
    </ClInclude>
    <ClInclude Include="Source\Engine\System\Tools\RBTreeNode.h">
      <Filter>Source\Engine\System\Tools</Filter>
    </ClInclude>
    <ClInclude Include="Source\Engine\System\Tools\RBTreeNodeColours.h">
      <Filter>Source\Engine\System\Tools</Filter>
    </ClInclude>
    <ClInclude Include="Source\Engine\System\Tools\Map.h">
      <Filter>Source\Engine\System\Tools</Filter>
    </ClInclude>
    <ClInclude Include="Source\Engine\System\Tools\MapKeyComparator.h">
      <Filter>Source\Engine\System\Tools</Filter>
    </ClInclude>
    <ClInclude Include="Source\Engine\System\Tools\RBTreeElementBuilder.h">
      <Filter>Source\Engine\System\Tools</Filter>
    </ClInclude>
    <ClInclude Include="Source\Engine\System\Tools\MapElementBuilder.h">
      <Filter>Source\Engine\System\Tools</Filter>
    </ClInclude>
    <ClInclude Include="Source\Engine\System\Tools\DirectoryListing.h">
      <Filter>Source\Engine\System\Tools</Filter>
    </ClInclude>
  </ItemGroup>
  <ItemGroup>
    <Image Include="Documents\File System Class Diagram.png">
      <Filter>Documentation</Filter>
    </Image>
    <Image Include="Documents\Event System Class Diagram.png">
      <Filter>Documentation</Filter>
    </Image>
    <Image Include="Documents\Platform Analysis Class Diagram.png">
      <Filter>Documentation</Filter>
    </Image>
    <Image Include="Documents\Property System Class Diagram.png">
      <Filter>Documentation</Filter>
    </Image>
    <Image Include="Documents\Scheduler System Class Diagram.png">
      <Filter>Documentation</Filter>
    </Image>
    <Image Include="Documents\Thread System Class Diagram.png">
      <Filter>Documentation</Filter>
    </Image>
    <Image Include="Documents\Timer System Class Diagram.png">
      <Filter>Documentation</Filter>
    </Image>
    <Image Include="Documents\Logging System Class Diagram.png">
      <Filter>Documentation</Filter>
    </Image>
    <Image Include="Documents\Content Layer Class Diagram.png">
      <Filter>Documentation</Filter>
    </Image>
    <Image Include="Documents\Resource Layer Class Diagram.png">
      <Filter>Documentation</Filter>
    </Image>
  </ItemGroup>
</Project>